
Microsoft Visual Studio Solution File, Format Version 12.00
# Visual Studio Version 16
VisualStudioVersion = 16.0.31402.337
MinimumVisualStudioVersion = 10.0.40219.1
Project("{FAE04EC0-301F-11D3-BF4B-00C04F79EFBC}") = "GameTest", "GameTest\GameTest.csproj", "{70EE5C24-066F-4F56-8440-ADC7E3B44A18}"
EndProject
Global
	GlobalSection(SolutionConfigurationPlatforms) = preSolution
		Debug|Any CPU = Debug|Any CPU
		Release|Any CPU = Release|Any CPU
	EndGlobalSection
	GlobalSection(ProjectConfigurationPlatforms) = postSolution
		{70EE5C24-066F-4F56-8440-ADC7E3B44A18}.Debug|Any CPU.ActiveCfg = Debug|Any CPU
		{70EE5C24-066F-4F56-8440-ADC7E3B44A18}.Debug|Any CPU.Build.0 = Debug|Any CPU
		{70EE5C24-066F-4F56-8440-ADC7E3B44A18}.Release|Any CPU.ActiveCfg = Release|Any CPU
		{70EE5C24-066F-4F56-8440-ADC7E3B44A18}.Release|Any CPU.Build.0 = Release|Any CPU
	EndGlobalSection
	GlobalSection(SolutionProperties) = preSolution
		HideSolutionNode = FALSE
	EndGlobalSection
	GlobalSection(ExtensibilityGlobals) = postSolution
		SolutionGuid = {A8500AAC-77D0-4063-8980-530BE013CCB9}
	EndGlobalSection
EndGlobal
